
Microsoft Visual Studio Solution File, Format Version 12.00
# Visual Studio Version 16
VisualStudioVersion = 16.0.30611.23
MinimumVisualStudioVersion = 10.0.40219.1
Project("{FAE04EC0-301F-11D3-BF4B-00C04F79EFBC}") = "TextWriter", "TextWriter\TextWriter.csproj", "{9FCD4EDB-1FD0-43F0-B17E-8D7F2CF38DDD}"
EndProject
Global
	GlobalSection(SolutionConfigurationPlatforms) = preSolution
		Debug|Any CPU = Debug|Any CPU
		Release|Any CPU = Release|Any CPU
	EndGlobalSection
	GlobalSection(ProjectConfigurationPlatforms) = postSolution
		{9FCD4EDB-1FD0-43F0-B17E-8D7F2CF38DDD}.Debug|Any CPU.ActiveCfg = Debug|Any CPU
		{9FCD4EDB-1FD0-43F0-B17E-8D7F2CF38DDD}.Debug|Any CPU.Build.0 = Debug|Any CPU
		{9FCD4EDB-1FD0-43F0-B17E-8D7F2CF38DDD}.Release|Any CPU.ActiveCfg = Release|Any CPU
		{9FCD4EDB-1FD0-43F0-B17E-8D7F2CF38DDD}.Release|Any CPU.Build.0 = Release|Any CPU
	EndGlobalSection
	GlobalSection(SolutionProperties) = preSolution
		HideSolutionNode = FALSE
	EndGlobalSection
	GlobalSection(ExtensibilityGlobals) = postSolution
		SolutionGuid = {415A775C-4CFA-48F1-9605-11BBB866D98E}
	EndGlobalSection
EndGlobal
